
Microsoft Visual Studio Solution File, Format Version 12.00
# Visual Studio Version 17
VisualStudioVersion = 17.1.32421.90
MinimumVisualStudioVersion = 10.0.40219.1
Project("{FAE04EC0-301F-11D3-BF4B-00C04F79EFBC}") = "Launcher", "Launcher\Launcher.csproj", "{3BBF4DF3-AB37-459F-B825-39F8FFA79F60}"
EndProject
Project("{9A19103F-16F7-4668-BE54-9A1E7A4F7556}") = "CodeExamples", "CodeExamples\CodeExamples.csproj", "{ABA3900A-9BC4-41FE-8DD3-7C8A942A3FB0}"
EndProject
Project("{FAE04EC0-301F-11D3-BF4B-00C04F79EFBC}") = "LauncherCMDLine", "LauncherCMDLine\LauncherCMDLine.csproj", "{CBAAAA17-B74F-4856-B529-AB066425F92B}"
EndProject
Project("{FAE04EC0-301F-11D3-BF4B-00C04F79EFBC}") = "Tests", "Tests\Tests.csproj", "{5737E0B8-6290-4D58-8C6C-E187ADC1B275}"
EndProject
Project("{2150E333-8FDC-42A3-9474-1A3956D46DE8}") = "1. CodeExamples", "1. CodeExamples", "{B086DE13-0795-4897-AB3B-8B1D33EE80EC}"
EndProject
Project("{2150E333-8FDC-42A3-9474-1A3956D46DE8}") = "2. Website", "2. Website", "{21DDA622-E15D-4333-AE3A-DE0971C7A195}"
EndProject
Project("{2150E333-8FDC-42A3-9474-1A3956D46DE8}") = "3. API", "3. API", "{10FABBD7-B581-4534-9EDC-3056F70D7EFF}"
EndProject
Project("{2150E333-8FDC-42A3-9474-1A3956D46DE8}") = "3. Database", "3. Database", "{B9BF1734-F509-4D4F-807E-D40C97E9F463}"
EndProject
Project("{9A19103F-16F7-4668-BE54-9A1E7A4F7556}") = "Avanade.Engine.Sales.Database", "Avanade.Engine.Sales.Database\Avanade.Engine.Sales.Database.csproj", "{28A826EB-42F0-4C44-9532-5D8DE6117CDE}"
EndProject
Project("{2150E333-8FDC-42A3-9474-1A3956D46DE8}") = "x. Unit Tests", "x. Unit Tests", "{4F5F2F15-1508-41B9-8121-28568968B847}"
EndProject
Project("{9A19103F-16F7-4668-BE54-9A1E7A4F7556}") = "ReactWebsite", "ReactWebsite\ReactWebsite.csproj", "{03C65038-CAC7-47F0-8B19-D6A3929C12B8}"
EndProject
Project("{9A19103F-16F7-4668-BE54-9A1E7A4F7556}") = "ReactWebsiteDay1", "ReactWebsiteDay1\ReactWebsiteDay1.csproj", "{708F3BA5-B52F-47B6-A8C7-06FB6A79578F}"
EndProject
Project("{9A19103F-16F7-4668-BE54-9A1E7A4F7556}") = "ReactWebsiteDay2", "ReactWebsiteDay2\ReactWebsiteDay2.csproj", "{6EB34C39-24A7-4B70-8CFC-ED156E7EF724}"
EndProject
Global
	GlobalSection(SolutionConfigurationPlatforms) = preSolution
		Debug|Any CPU = Debug|Any CPU
		Release|Any CPU = Release|Any CPU
	EndGlobalSection
	GlobalSection(ProjectConfigurationPlatforms) = postSolution
		{3BBF4DF3-AB37-459F-B825-39F8FFA79F60}.Debug|Any CPU.ActiveCfg = Debug|Any CPU
		{3BBF4DF3-AB37-459F-B825-39F8FFA79F60}.Debug|Any CPU.Build.0 = Debug|Any CPU
		{3BBF4DF3-AB37-459F-B825-39F8FFA79F60}.Release|Any CPU.ActiveCfg = Release|Any CPU
		{3BBF4DF3-AB37-459F-B825-39F8FFA79F60}.Release|Any CPU.Build.0 = Release|Any CPU
		{ABA3900A-9BC4-41FE-8DD3-7C8A942A3FB0}.Debug|Any CPU.ActiveCfg = Debug|Any CPU
		{ABA3900A-9BC4-41FE-8DD3-7C8A942A3FB0}.Debug|Any CPU.Build.0 = Debug|Any CPU
		{ABA3900A-9BC4-41FE-8DD3-7C8A942A3FB0}.Release|Any CPU.ActiveCfg = Release|Any CPU
		{ABA3900A-9BC4-41FE-8DD3-7C8A942A3FB0}.Release|Any CPU.Build.0 = Release|Any CPU
		{CBAAAA17-B74F-4856-B529-AB066425F92B}.Debug|Any CPU.ActiveCfg = Debug|Any CPU
		{CBAAAA17-B74F-4856-B529-AB066425F92B}.Debug|Any CPU.Build.0 = Debug|Any CPU
		{CBAAAA17-B74F-4856-B529-AB066425F92B}.Release|Any CPU.ActiveCfg = Release|Any CPU
		{CBAAAA17-B74F-4856-B529-AB066425F92B}.Release|Any CPU.Build.0 = Release|Any CPU
		{5737E0B8-6290-4D58-8C6C-E187ADC1B275}.Debug|Any CPU.ActiveCfg = Debug|Any CPU
		{5737E0B8-6290-4D58-8C6C-E187ADC1B275}.Debug|Any CPU.Build.0 = Debug|Any CPU
		{5737E0B8-6290-4D58-8C6C-E187ADC1B275}.Release|Any CPU.ActiveCfg = Release|Any CPU
		{5737E0B8-6290-4D58-8C6C-E187ADC1B275}.Release|Any CPU.Build.0 = Release|Any CPU
		{28A826EB-42F0-4C44-9532-5D8DE6117CDE}.Debug|Any CPU.ActiveCfg = Debug|Any CPU
		{28A826EB-42F0-4C44-9532-5D8DE6117CDE}.Debug|Any CPU.Build.0 = Debug|Any CPU
		{28A826EB-42F0-4C44-9532-5D8DE6117CDE}.Release|Any CPU.ActiveCfg = Release|Any CPU
		{28A826EB-42F0-4C44-9532-5D8DE6117CDE}.Release|Any CPU.Build.0 = Release|Any CPU
		{03C65038-CAC7-47F0-8B19-D6A3929C12B8}.Debug|Any CPU.ActiveCfg = Debug|Any CPU
		{03C65038-CAC7-47F0-8B19-D6A3929C12B8}.Debug|Any CPU.Build.0 = Debug|Any CPU
		{03C65038-CAC7-47F0-8B19-D6A3929C12B8}.Release|Any CPU.ActiveCfg = Release|Any CPU
		{03C65038-CAC7-47F0-8B19-D6A3929C12B8}.Release|Any CPU.Build.0 = Release|Any CPU
		{708F3BA5-B52F-47B6-A8C7-06FB6A79578F}.Debug|Any CPU.ActiveCfg = Debug|Any CPU
		{708F3BA5-B52F-47B6-A8C7-06FB6A79578F}.Debug|Any CPU.Build.0 = Debug|Any CPU
		{708F3BA5-B52F-47B6-A8C7-06FB6A79578F}.Release|Any CPU.ActiveCfg = Release|Any CPU
		{708F3BA5-B52F-47B6-A8C7-06FB6A79578F}.Release|Any CPU.Build.0 = Release|Any CPU
		{6EB34C39-24A7-4B70-8CFC-ED156E7EF724}.Debug|Any CPU.ActiveCfg = Debug|Any CPU
		{6EB34C39-24A7-4B70-8CFC-ED156E7EF724}.Debug|Any CPU.Build.0 = Debug|Any CPU
		{6EB34C39-24A7-4B70-8CFC-ED156E7EF724}.Release|Any CPU.ActiveCfg = Release|Any CPU
		{6EB34C39-24A7-4B70-8CFC-ED156E7EF724}.Release|Any CPU.Build.0 = Release|Any CPU
	EndGlobalSection
	GlobalSection(SolutionProperties) = preSolution
		HideSolutionNode = FALSE
	EndGlobalSection
	GlobalSection(NestedProjects) = preSolution
		{3BBF4DF3-AB37-459F-B825-39F8FFA79F60} = {B086DE13-0795-4897-AB3B-8B1D33EE80EC}
		{ABA3900A-9BC4-41FE-8DD3-7C8A942A3FB0} = {B086DE13-0795-4897-AB3B-8B1D33EE80EC}
		{CBAAAA17-B74F-4856-B529-AB066425F92B} = {B086DE13-0795-4897-AB3B-8B1D33EE80EC}
		{5737E0B8-6290-4D58-8C6C-E187ADC1B275} = {B086DE13-0795-4897-AB3B-8B1D33EE80EC}
		{28A826EB-42F0-4C44-9532-5D8DE6117CDE} = {B9BF1734-F509-4D4F-807E-D40C97E9F463}
		{03C65038-CAC7-47F0-8B19-D6A3929C12B8} = {21DDA622-E15D-4333-AE3A-DE0971C7A195}
		{708F3BA5-B52F-47B6-A8C7-06FB6A79578F} = {21DDA622-E15D-4333-AE3A-DE0971C7A195}
		{6EB34C39-24A7-4B70-8CFC-ED156E7EF724} = {21DDA622-E15D-4333-AE3A-DE0971C7A195}
	EndGlobalSection
	GlobalSection(ExtensibilityGlobals) = postSolution
		SolutionGuid = {D9876925-6079-4A5F-A0BF-585AAE8CF883}
	EndGlobalSection
EndGlobal
